// !$*UTF8*$!
{
	archiveVersion = 1;
	classes = {
	};
	objectVersion = 46;
	objects = {

/* Begin PBXBuildFile section */
		BF1BD3811B621C3700C71D0A /* NewPurposeCotrollerViewController.swift in Sources */ = {isa = PBXBuildFile; fileRef = BF1BD3801B621C3700C71D0A /* NewPurposeCotrollerViewController.swift */; };
		BF1BD38B1B62271500C71D0A /* NewProfileController.swift in Sources */ = {isa = PBXBuildFile; fileRef = BF1BD38A1B62271500C71D0A /* NewProfileController.swift */; };
		BF1BD38D1B623A6C00C71D0A /* CommonTableViewCell.swift in Sources */ = {isa = PBXBuildFile; fileRef = BF1BD38C1B623A6C00C71D0A /* CommonTableViewCell.swift */; };
		BF1BD3901B62432300C71D0A /* Main.storyboard in Resources */ = {isa = PBXBuildFile; fileRef = BF1BD38E1B62432300C71D0A /* Main.storyboard */; };
		BF28314F1B54BA41000E9E57 /* AppDelegate.swift in Sources */ = {isa = PBXBuildFile; fileRef = BF28314E1B54BA41000E9E57 /* AppDelegate.swift */; };
		BF2831521B54BA41000E9E57 /* SafetyFirst.xcdatamodeld in Sources */ = {isa = PBXBuildFile; fileRef = BF2831501B54BA41000E9E57 /* SafetyFirst.xcdatamodeld */; };
		BF2831541B54BA41000E9E57 /* ViewController.swift in Sources */ = {isa = PBXBuildFile; fileRef = BF2831531B54BA41000E9E57 /* ViewController.swift */; };
		BF2831591B54BA41000E9E57 /* Images.xcassets in Resources */ = {isa = PBXBuildFile; fileRef = BF2831581B54BA41000E9E57 /* Images.xcassets */; };
		BF28315C1B54BA41000E9E57 /* LaunchScreen.xib in Resources */ = {isa = PBXBuildFile; fileRef = BF28315A1B54BA41000E9E57 /* LaunchScreen.xib */; };
		BF2831681B54BA41000E9E57 /* SafetyFirstTests.swift in Sources */ = {isa = PBXBuildFile; fileRef = BF2831671B54BA41000E9E57 /* SafetyFirstTests.swift */; };
		BF57F7701B55101C0060EE0E /* NewNote.swift in Sources */ = {isa = PBXBuildFile; fileRef = BF57F76F1B55101C0060EE0E /* NewNote.swift */; };
		BF6C8FD81B5E29AB00F36A52 /* UserLogin.swift in Sources */ = {isa = PBXBuildFile; fileRef = BF6C8FD71B5E29AB00F36A52 /* UserLogin.swift */; };
		BF6C8FDA1B5E4B5C00F36A52 /* ObserverClass.swift in Sources */ = {isa = PBXBuildFile; fileRef = BF6C8FD91B5E4B5C00F36A52 /* ObserverClass.swift */; };
		BF6C8FDF1B5F6D7400F36A52 /* addBtn.png in Resources */ = {isa = PBXBuildFile; fileRef = BF6C8FDE1B5F6D7400F36A52 /* addBtn.png */; };
		BF6C8FE71B5F9F7D00F36A52 /* ExtendedNavBar.swift in Sources */ = {isa = PBXBuildFile; fileRef = BF6C8FE61B5F9F7D00F36A52 /* ExtendedNavBar.swift */; };
		BF701AA81B560FE400927030 /* CoreDateManager.swift in Sources */ = {isa = PBXBuildFile; fileRef = BF701AA71B560FE400927030 /* CoreDateManager.swift */; };
		BF867EFF1B563C69000096BF /* ListNotesController.swift in Sources */ = {isa = PBXBuildFile; fileRef = BF867EFE1B563C69000096BF /* ListNotesController.swift */; };
		BFE63AE21B65E95800F0B477 /* TemporaryStorage.swift in Sources */ = {isa = PBXBuildFile; fileRef = BFE63AE11B65E95800F0B477 /* TemporaryStorage.swift */; };
		BFE63AE61B671B0C00F0B477 /* TemporaryStorageClass.swift in Sources */ = {isa = PBXBuildFile; fileRef = BFE63AE51B671B0C00F0B477 /* TemporaryStorageClass.swift */; };
		BFE63AFC1B68CA9000F0B477 /* OneBudgetSheet.swift in Sources */ = {isa = PBXBuildFile; fileRef = BFE63AF81B68CA9000F0B477 /* OneBudgetSheet.swift */; };
		BFE63AFD1B68CA9000F0B477 /* OneProfile.swift in Sources */ = {isa = PBXBuildFile; fileRef = BFE63AF91B68CA9000F0B477 /* OneProfile.swift */; };
		BFE63AFE1B68CA9000F0B477 /* OnePurpose.swift in Sources */ = {isa = PBXBuildFile; fileRef = BFE63AFA1B68CA9000F0B477 /* OnePurpose.swift */; };
		BFE63AFF1B68CA9000F0B477 /* OneNote.swift in Sources */ = {isa = PBXBuildFile; fileRef = BFE63AFB1B68CA9000F0B477 /* OneNote.swift */; };
		BFED9B051B578C6900277F13 /* NoteDetailsViewController.swift in Sources */ = {isa = PBXBuildFile; fileRef = BFED9B041B578C6900277F13 /* NoteDetailsViewController.swift */; };
/* End PBXBuildFile section */

/* Begin PBXContainerItemProxy section */
		BF2831621B54BA41000E9E57 /* PBXContainerItemProxy */ = {
			isa = PBXContainerItemProxy;
			containerPortal = BF2831411B54BA41000E9E57 /* Project object */;
			proxyType = 1;
			remoteGlobalIDString = BF2831481B54BA41000E9E57;
			remoteInfo = SafetyFirst;
		};
/* End PBXContainerItemProxy section */

/* Begin PBXFileReference section */
		BF1BD3801B621C3700C71D0A /* NewPurposeCotrollerViewController.swift */ = {isa = PBXFileReference; fileEncoding = 4; lastKnownFileType = sourcecode.swift; path = NewPurposeCotrollerViewController.swift; sourceTree = "<group>"; };
		BF1BD38A1B62271500C71D0A /* NewProfileController.swift */ = {isa = PBXFileReference; fileEncoding = 4; lastKnownFileType = sourcecode.swift; path = NewProfileController.swift; sourceTree = "<group>"; };
		BF1BD38C1B623A6C00C71D0A /* CommonTableViewCell.swift */ = {isa = PBXFileReference; fileEncoding = 4; lastKnownFileType = sourcecode.swift; path = CommonTableViewCell.swift; sourceTree = "<group>"; };
		BF1BD38F1B62432300C71D0A /* Base */ = {isa = PBXFileReference; lastKnownFileType = file.storyboard; name = Base; path = Base.lproj/Main.storyboard; sourceTree = "<group>"; };
		BF2831491B54BA41000E9E57 /* SafetyFirst.app */ = {isa = PBXFileReference; explicitFileType = wrapper.application; includeInIndex = 0; path = SafetyFirst.app; sourceTree = BUILT_PRODUCTS_DIR; };
		BF28314D1B54BA41000E9E57 /* Info.plist */ = {isa = PBXFileReference; lastKnownFileType = text.plist.xml; path = Info.plist; sourceTree = "<group>"; };
		BF28314E1B54BA41000E9E57 /* AppDelegate.swift */ = {isa = PBXFileReference; lastKnownFileType = sourcecode.swift; path = AppDelegate.swift; sourceTree = "<group>"; };
		BF2831511B54BA41000E9E57 /* SafetyFirst.xcdatamodel */ = {isa = PBXFileReference; lastKnownFileType = wrapper.xcdatamodel; path = SafetyFirst.xcdatamodel; sourceTree = "<group>"; };
		BF2831531B54BA41000E9E57 /* ViewController.swift */ = {isa = PBXFileReference; lastKnownFileType = sourcecode.swift; path = ViewController.swift; sourceTree = "<group>"; };
		BF2831581B54BA41000E9E57 /* Images.xcassets */ = {isa = PBXFileReference; lastKnownFileType = folder.assetcatalog; path = Images.xcassets; sourceTree = "<group>"; };
		BF28315B1B54BA41000E9E57 /* Base */ = {isa = PBXFileReference; lastKnownFileType = file.xib; name = Base; path = Base.lproj/LaunchScreen.xib; sourceTree = "<group>"; };
		BF2831611B54BA41000E9E57 /* SafetyFirstTests.xctest */ = {isa = PBXFileReference; explicitFileType = wrapper.cfbundle; includeInIndex = 0; path = SafetyFirstTests.xctest; sourceTree = BUILT_PRODUCTS_DIR; };
		BF2831661B54BA41000E9E57 /* Info.plist */ = {isa = PBXFileReference; lastKnownFileType = text.plist.xml; path = Info.plist; sourceTree = "<group>"; };
		BF2831671B54BA41000E9E57 /* SafetyFirstTests.swift */ = {isa = PBXFileReference; lastKnownFileType = sourcecode.swift; path = SafetyFirstTests.swift; sourceTree = "<group>"; };
		BF57F76F1B55101C0060EE0E /* NewNote.swift */ = {isa = PBXFileReference; fileEncoding = 4; lastKnownFileType = sourcecode.swift; path = NewNote.swift; sourceTree = "<group>"; };
		BF6C8FD71B5E29AB00F36A52 /* UserLogin.swift */ = {isa = PBXFileReference; fileEncoding = 4; lastKnownFileType = sourcecode.swift; name = UserLogin.swift; path = ../UserLogin.swift; sourceTree = "<group>"; };
		BF6C8FD91B5E4B5C00F36A52 /* ObserverClass.swift */ = {isa = PBXFileReference; fileEncoding = 4; lastKnownFileType = sourcecode.swift; path = ObserverClass.swift; sourceTree = "<group>"; };
		BF6C8FDE1B5F6D7400F36A52 /* addBtn.png */ = {isa = PBXFileReference; lastKnownFileType = image.png; path = addBtn.png; sourceTree = "<group>"; };
		BF6C8FE61B5F9F7D00F36A52 /* ExtendedNavBar.swift */ = {isa = PBXFileReference; fileEncoding = 4; lastKnownFileType = sourcecode.swift; path = ExtendedNavBar.swift; sourceTree = "<group>"; };
		BF701AA71B560FE400927030 /* CoreDateManager.swift */ = {isa = PBXFileReference; fileEncoding = 4; lastKnownFileType = sourcecode.swift; path = CoreDateManager.swift; sourceTree = "<group>"; };
		BF867EFE1B563C69000096BF /* ListNotesController.swift */ = {isa = PBXFileReference; fileEncoding = 4; lastKnownFileType = sourcecode.swift; path = ListNotesController.swift; sourceTree = "<group>"; };
		BFE63AE11B65E95800F0B477 /* TemporaryStorage.swift */ = {isa = PBXFileReference; fileEncoding = 4; lastKnownFileType = sourcecode.swift; path = TemporaryStorage.swift; sourceTree = "<group>"; };
		BFE63AE51B671B0C00F0B477 /* TemporaryStorageClass.swift */ = {isa = PBXFileReference; fileEncoding = 4; lastKnownFileType = sourcecode.swift; path = TemporaryStorageClass.swift; sourceTree = "<group>"; };
		BFE63AF81B68CA9000F0B477 /* OneBudgetSheet.swift */ = {isa = PBXFileReference; fileEncoding = 4; lastKnownFileType = sourcecode.swift; path = OneBudgetSheet.swift; sourceTree = "<group>"; };
		BFE63AF91B68CA9000F0B477 /* OneProfile.swift */ = {isa = PBXFileReference; fileEncoding = 4; lastKnownFileType = sourcecode.swift; path = OneProfile.swift; sourceTree = "<group>"; };
		BFE63AFA1B68CA9000F0B477 /* OnePurpose.swift */ = {isa = PBXFileReference; fileEncoding = 4; lastKnownFileType = sourcecode.swift; path = OnePurpose.swift; sourceTree = "<group>"; };
		BFE63AFB1B68CA9000F0B477 /* OneNote.swift */ = {isa = PBXFileReference; fileEncoding = 4; lastKnownFileType = sourcecode.swift; path = OneNote.swift; sourceTree = "<group>"; };
		BFED9B041B578C6900277F13 /* NoteDetailsViewController.swift */ = {isa = PBXFileReference; fileEncoding = 4; lastKnownFileType = sourcecode.swift; path = NoteDetailsViewController.swift; sourceTree = "<group>"; };
		BFED9B061B57A9F500277F13 /* SafetyFirstModel2.xcdatamodel */ = {isa = PBXFileReference; lastKnownFileType = wrapper.xcdatamodel; path = SafetyFirstModel2.xcdatamodel; sourceTree = "<group>"; };
/* End PBXFileReference section */

/* Begin PBXFrameworksBuildPhase section */
		BF2831461B54BA41000E9E57 /* Frameworks */ = {
			isa = PBXFrameworksBuildPhase;
			buildActionMask = 2147483647;
			files = (
			);
			runOnlyForDeploymentPostprocessing = 0;
		};
		BF28315E1B54BA41000E9E57 /* Frameworks */ = {
			isa = PBXFrameworksBuildPhase;
			buildActionMask = 2147483647;
			files = (
			);
			runOnlyForDeploymentPostprocessing = 0;
		};
/* End PBXFrameworksBuildPhase section */

/* Begin PBXGroup section */
		BF2831401B54BA41000E9E57 = {
			isa = PBXGroup;
			children = (
				BF28314B1B54BA41000E9E57 /* SafetyFirst */,
				BF2831641B54BA41000E9E57 /* SafetyFirstTests */,
				BF28314A1B54BA41000E9E57 /* Products */,
			);
			sourceTree = "<group>";
		};
		BF28314A1B54BA41000E9E57 /* Products */ = {
			isa = PBXGroup;
			children = (
				BF2831491B54BA41000E9E57 /* SafetyFirst.app */,
				BF2831611B54BA41000E9E57 /* SafetyFirstTests.xctest */,
			);
			name = Products;
			sourceTree = "<group>";
		};
		BF28314B1B54BA41000E9E57 /* SafetyFirst */ = {
			isa = PBXGroup;
			children = (
				BF6C8FDD1B5F6D3D00F36A52 /* Images */,
				BF701AAB1B5621A400927030 /* Helper */,
				BF701AA61B56006100927030 /* Library */,
				BFBB2C4A1B54FC4E006343E2 /* Models */,
				BF2831731B54C232000E9E57 /* Controllers */,
				BF28314E1B54BA41000E9E57 /* AppDelegate.swift */,
				BF2831531B54BA41000E9E57 /* ViewController.swift */,
				BF1BD38E1B62432300C71D0A /* Main.storyboard */,
				BF2831581B54BA41000E9E57 /* Images.xcassets */,
				BF28315A1B54BA41000E9E57 /* LaunchScreen.xib */,
				BF2831501B54BA41000E9E57 /* SafetyFirst.xcdatamodeld */,
				BF28314C1B54BA41000E9E57 /* Supporting Files */,
			);
			path = SafetyFirst;
			sourceTree = "<group>";
		};
		BF28314C1B54BA41000E9E57 /* Supporting Files */ = {
			isa = PBXGroup;
			children = (
				BF28314D1B54BA41000E9E57 /* Info.plist */,
			);
			name = "Supporting Files";
			sourceTree = "<group>";
		};
		BF2831641B54BA41000E9E57 /* SafetyFirstTests */ = {
			isa = PBXGroup;
			children = (
				BF2831671B54BA41000E9E57 /* SafetyFirstTests.swift */,
				BF2831651B54BA41000E9E57 /* Supporting Files */,
			);
			path = SafetyFirstTests;
			sourceTree = "<group>";
		};
		BF2831651B54BA41000E9E57 /* Supporting Files */ = {
			isa = PBXGroup;
			children = (
				BF2831661B54BA41000E9E57 /* Info.plist */,
			);
			name = "Supporting Files";
			sourceTree = "<group>";
		};
		BF2831731B54C232000E9E57 /* Controllers */ = {
			isa = PBXGroup;
			children = (
				BF57F76F1B55101C0060EE0E /* NewNote.swift */,
				BF867EFE1B563C69000096BF /* ListNotesController.swift */,
				BFED9B041B578C6900277F13 /* NoteDetailsViewController.swift */,
				BF1BD3801B621C3700C71D0A /* NewPurposeCotrollerViewController.swift */,
				BF1BD38A1B62271500C71D0A /* NewProfileController.swift */,
			);
			name = Controllers;
			sourceTree = "<group>";
		};
		BF6C8FDD1B5F6D3D00F36A52 /* Images */ = {
			isa = PBXGroup;
			children = (
				BF6C8FDE1B5F6D7400F36A52 /* addBtn.png */,
			);
			name = Images;
			sourceTree = "<group>";
		};
		BF701AA61B56006100927030 /* Library */ = {
			isa = PBXGroup;
			children = (
				BF701AA71B560FE400927030 /* CoreDateManager.swift */,
				BF6C8FD91B5E4B5C00F36A52 /* ObserverClass.swift */,
				BFE63AE11B65E95800F0B477 /* TemporaryStorage.swift */,
			);
			name = Library;
			sourceTree = "<group>";
		};
		BF701AAB1B5621A400927030 /* Helper */ = {
			isa = PBXGroup;
			children = (
				BF6C8FE61B5F9F7D00F36A52 /* ExtendedNavBar.swift */,
				BF1BD38C1B623A6C00C71D0A /* CommonTableViewCell.swift */,
			);
			name = Helper;
			sourceTree = "<group>";
		};
		BFBB2C4A1B54FC4E006343E2 /* Models */ = {
			isa = PBXGroup;
			children = (
				BFE63AF81B68CA9000F0B477 /* OneBudgetSheet.swift */,
				BFE63AF91B68CA9000F0B477 /* OneProfile.swift */,
				BFE63AFA1B68CA9000F0B477 /* OnePurpose.swift */,
				BFE63AFB1B68CA9000F0B477 /* OneNote.swift */,
				BF6C8FD71B5E29AB00F36A52 /* UserLogin.swift */,
				BFE63AE51B671B0C00F0B477 /* TemporaryStorageClass.swift */,
			);
			name = Models;
			sourceTree = "<group>";
		};
/* End PBXGroup section */

/* Begin PBXNativeTarget section */
		BF2831481B54BA41000E9E57 /* SafetyFirst */ = {
			isa = PBXNativeTarget;
			buildConfigurationList = BF28316B1B54BA41000E9E57 /* Build configuration list for PBXNativeTarget "SafetyFirst" */;
			buildPhases = (
				BF2831451B54BA41000E9E57 /* Sources */,
				BF2831461B54BA41000E9E57 /* Frameworks */,
				BF2831471B54BA41000E9E57 /* Resources */,
			);
			buildRules = (
			);
			dependencies = (
			);
			name = SafetyFirst;
			productName = SafetyFirst;
			productReference = BF2831491B54BA41000E9E57 /* SafetyFirst.app */;
			productType = "com.apple.product-type.application";
		};
		BF2831601B54BA41000E9E57 /* SafetyFirstTests */ = {
			isa = PBXNativeTarget;
			buildConfigurationList = BF28316E1B54BA41000E9E57 /* Build configuration list for PBXNativeTarget "SafetyFirstTests" */;
			buildPhases = (
				BF28315D1B54BA41000E9E57 /* Sources */,
				BF28315E1B54BA41000E9E57 /* Frameworks */,
				BF28315F1B54BA41000E9E57 /* Resources */,
			);
			buildRules = (
			);
			dependencies = (
				BF2831631B54BA41000E9E57 /* PBXTargetDependency */,
			);
			name = SafetyFirstTests;
			productName = SafetyFirstTests;
			productReference = BF2831611B54BA41000E9E57 /* SafetyFirstTests.xctest */;
			productType = "com.apple.product-type.bundle.unit-test";
		};
/* End PBXNativeTarget section */

/* Begin PBXProject section */
		BF2831411B54BA41000E9E57 /* Project object */ = {
			isa = PBXProject;
			attributes = {
				LastSwiftMigration = 0700;
				LastSwiftUpdateCheck = 0700;
				LastUpgradeCheck = 0640;
				ORGANIZATIONNAME = "Vincent Pacul";
				TargetAttributes = {
					BF2831481B54BA41000E9E57 = {
						CreatedOnToolsVersion = 6.4;
					};
					BF2831601B54BA41000E9E57 = {
						CreatedOnToolsVersion = 6.4;
						TestTargetID = BF2831481B54BA41000E9E57;
					};
				};
			};
			buildConfigurationList = BF2831441B54BA41000E9E57 /* Build configuration list for PBXProject "SafetyFirst" */;
			compatibilityVersion = "Xcode 3.2";
			developmentRegion = English;
			hasScannedForEncodings = 0;
			knownRegions = (
				en,
				Base,
			);
			mainGroup = BF2831401B54BA41000E9E57;
			productRefGroup = BF28314A1B54BA41000E9E57 /* Products */;
			projectDirPath = "";
			projectRoot = "";
			targets = (
				BF2831481B54BA41000E9E57 /* SafetyFirst */,
				BF2831601B54BA41000E9E57 /* SafetyFirstTests */,
			);
		};
/* End PBXProject section */

/* Begin PBXResourcesBuildPhase section */
		BF2831471B54BA41000E9E57 /* Resources */ = {
			isa = PBXResourcesBuildPhase;
			buildActionMask = 2147483647;
			files = (
				BF28315C1B54BA41000E9E57 /* LaunchScreen.xib in Resources */,
				BF6C8FDF1B5F6D7400F36A52 /* addBtn.png in Resources */,
				BF2831591B54BA41000E9E57 /* Images.xcassets in Resources */,
				BF1BD3901B62432300C71D0A /* Main.storyboard in Resources */,
			);
			runOnlyForDeploymentPostprocessing = 0;
		};
		BF28315F1B54BA41000E9E57 /* Resources */ = {
			isa = PBXResourcesBuildPhase;
			buildActionMask = 2147483647;
			files = (
			);
			runOnlyForDeploymentPostprocessing = 0;
		};
/* End PBXResourcesBuildPhase section */

/* Begin PBXSourcesBuildPhase section */
		BF2831451B54BA41000E9E57 /* Sources */ = {
			isa = PBXSourcesBuildPhase;
			buildActionMask = 2147483647;
			files = (
				BF6C8FDA1B5E4B5C00F36A52 /* ObserverClass.swift in Sources */,
				BFE63AE21B65E95800F0B477 /* TemporaryStorage.swift in Sources */,
				BF2831541B54BA41000E9E57 /* ViewController.swift in Sources */,
				BF867EFF1B563C69000096BF /* ListNotesController.swift in Sources */,
				BFED9B051B578C6900277F13 /* NoteDetailsViewController.swift in Sources */,
				BFE63AFE1B68CA9000F0B477 /* OnePurpose.swift in Sources */,
				BFE63AFD1B68CA9000F0B477 /* OneProfile.swift in Sources */,
				BFE63AFF1B68CA9000F0B477 /* OneNote.swift in Sources */,
				BFE63AFC1B68CA9000F0B477 /* OneBudgetSheet.swift in Sources */,
				BF701AA81B560FE400927030 /* CoreDateManager.swift in Sources */,
				BFE63AE61B671B0C00F0B477 /* TemporaryStorageClass.swift in Sources */,
				BF1BD38B1B62271500C71D0A /* NewProfileController.swift in Sources */,
				BF6C8FD81B5E29AB00F36A52 /* UserLogin.swift in Sources */,
				BF2831521B54BA41000E9E57 /* SafetyFirst.xcdatamodeld in Sources */,
				BF28314F1B54BA41000E9E57 /* AppDelegate.swift in Sources */,
				BF6C8FE71B5F9F7D00F36A52 /* ExtendedNavBar.swift in Sources */,
				BF57F7701B55101C0060EE0E /* NewNote.swift in Sources */,
				BF1BD38D1B623A6C00C71D0A /* CommonTableViewCell.swift in Sources */,
				BF1BD3811B621C3700C71D0A /* NewPurposeCotrollerViewController.swift in Sources */,
			);
			runOnlyForDeploymentPostprocessing = 0;
		};
		BF28315D1B54BA41000E9E57 /* Sources */ = {
			isa = PBXSourcesBuildPhase;
			buildActionMask = 2147483647;
			files = (
				BF2831681B54BA41000E9E57 /* SafetyFirstTests.swift in Sources */,
			);
			runOnlyForDeploymentPostprocessing = 0;
		};
/* End PBXSourcesBuildPhase section */

/* Begin PBXTargetDependency section */
		BF2831631B54BA41000E9E57 /* PBXTargetDependency */ = {
			isa = PBXTargetDependency;
			target = BF2831481B54BA41000E9E57 /* SafetyFirst */;
			targetProxy = BF2831621B54BA41000E9E57 /* PBXContainerItemProxy */;
		};
/* End PBXTargetDependency section */

/* Begin PBXVariantGroup section */
		BF1BD38E1B62432300C71D0A /* Main.storyboard */ = {
			isa = PBXVariantGroup;
			children = (
				BF1BD38F1B62432300C71D0A /* Base */,
			);
			name = Main.storyboard;
			sourceTree = "<group>";
		};
		BF28315A1B54BA41000E9E57 /* LaunchScreen.xib */ = {
			isa = PBXVariantGroup;
			children = (
				BF28315B1B54BA41000E9E57 /* Base */,
			);
			name = LaunchScreen.xib;
			sourceTree = "<group>";
		};
/* End PBXVariantGroup section */

/* Begin XCBuildConfiguration section */
		BF2831691B54BA41000E9E57 /* Debug */ = {
			isa = XCBuildConfiguration;
			buildSettings = {
				ALWAYS_SEARCH_USER_PATHS = NO;
				CLANG_CXX_LANGUAGE_STANDARD = "gnu++0x";
				CLANG_CXX_LIBRARY = "libc++";
				CLANG_ENABLE_MODULES = YES;
				CLANG_ENABLE_OBJC_ARC = YES;
				CLANG_WARN_BOOL_CONVERSION = YES;
				CLANG_WARN_CONSTANT_CONVERSION = YES;
				CLANG_WARN_DIRECT_OBJC_ISA_USAGE = YES_ERROR;
				CLANG_WARN_EMPTY_BODY = YES;
				CLANG_WARN_ENUM_CONVERSION = YES;
				CLANG_WARN_INT_CONVERSION = YES;
				CLANG_WARN_OBJC_ROOT_CLASS = YES_ERROR;
				CLANG_WARN_UNREACHABLE_CODE = YES;
				CLANG_WARN__DUPLICATE_METHOD_MATCH = YES;
				"CODE_SIGN_IDENTITY[sdk=iphoneos*]" = "iPhone Developer";
				COPY_PHASE_STRIP = NO;
				DEBUG_INFORMATION_FORMAT = "dwarf-with-dsym";
				ENABLE_STRICT_OBJC_MSGSEND = YES;
				GCC_C_LANGUAGE_STANDARD = gnu99;
				GCC_DYNAMIC_NO_PIC = NO;
				GCC_NO_COMMON_BLOCKS = YES;
				GCC_OPTIMIZATION_LEVEL = 0;
				GCC_PREPROCESSOR_DEFINITIONS = (
					"DEBUG=1",
					"$(inherited)",
				);
				GCC_SYMBOLS_PRIVATE_EXTERN = NO;
				GCC_WARN_64_TO_32_BIT_CONVERSION = YES;
				GCC_WARN_ABOUT_RETURN_TYPE = YES_ERROR;
				GCC_WARN_UNDECLARED_SELECTOR = YES;
				GCC_WARN_UNINITIALIZED_AUTOS = YES_AGGRESSIVE;
				GCC_WARN_UNUSED_FUNCTION = YES;
				GCC_WARN_UNUSED_VARIABLE = YES;
				IPHONEOS_DEPLOYMENT_TARGET = 8.4;
				MTL_ENABLE_DEBUG_INFO = YES;
				ONLY_ACTIVE_ARCH = YES;
				SDKROOT = iphoneos;
				SWIFT_OPTIMIZATION_LEVEL = "-Onone";
			};
			name = Debug;
		};
		BF28316A1B54BA41000E9E57 /* Release */ = {
			isa = XCBuildConfiguration;
			buildSettings = {
				ALWAYS_SEARCH_USER_PATHS = NO;
				CLANG_CXX_LANGUAGE_STANDARD = "gnu++0x";
				CLANG_CXX_LIBRARY = "libc++";
				CLANG_ENABLE_MODULES = YES;
				CLANG_ENABLE_OBJC_ARC = YES;
				CLANG_WARN_BOOL_CONVERSION = YES;
				CLANG_WARN_CONSTANT_CONVERSION = YES;
				CLANG_WARN_DIRECT_OBJC_ISA_USAGE = YES_ERROR;
				CLANG_WARN_EMPTY_BODY = YES;
				CLANG_WARN_ENUM_CONVERSION = YES;
				CLANG_WARN_INT_CONVERSION = YES;
				CLANG_WARN_OBJC_ROOT_CLASS = YES_ERROR;
				CLANG_WARN_UNREACHABLE_CODE = YES;
				CLANG_WARN__DUPLICATE_METHOD_MATCH = YES;
				"CODE_SIGN_IDENTITY[sdk=iphoneos*]" = "iPhone Developer";
				COPY_PHASE_STRIP = NO;
				DEBUG_INFORMATION_FORMAT = "dwarf-with-dsym";
				ENABLE_NS_ASSERTIONS = NO;
				ENABLE_STRICT_OBJC_MSGSEND = YES;
				GCC_C_LANGUAGE_STANDARD = gnu99;
				GCC_NO_COMMON_BLOCKS = YES;
				GCC_WARN_64_TO_32_BIT_CONVERSION = YES;
				GCC_WARN_ABOUT_RETURN_TYPE = YES_ERROR;
				GCC_WARN_UNDECLARED_SELECTOR = YES;
				GCC_WARN_UNINITIALIZED_AUTOS = YES_AGGRESSIVE;
				GCC_WARN_UNUSED_FUNCTION = YES;
				GCC_WARN_UNUSED_VARIABLE = YES;
				IPHONEOS_DEPLOYMENT_TARGET = 8.4;
				MTL_ENABLE_DEBUG_INFO = NO;
				SDKROOT = iphoneos;
				VALIDATE_PRODUCT = YES;
			};
			name = Release;
		};
		BF28316C1B54BA41000E9E57 /* Debug */ = {
			isa = XCBuildConfiguration;
			buildSettings = {
				ASSETCATALOG_COMPILER_APPICON_NAME = AppIcon;
				INFOPLIST_FILE = SafetyFirst/Info.plist;
				LD_RUNPATH_SEARCH_PATHS = "$(inherited) @executable_path/Frameworks";
				PRODUCT_NAME = "$(TARGET_NAME)";
			};
			name = Debug;
		};
		BF28316D1B54BA41000E9E57 /* Release */ = {
			isa = XCBuildConfiguration;
			buildSettings = {
				ASSETCATALOG_COMPILER_APPICON_NAME = AppIcon;
				INFOPLIST_FILE = SafetyFirst/Info.plist;
				LD_RUNPATH_SEARCH_PATHS = "$(inherited) @executable_path/Frameworks";
				PRODUCT_NAME = "$(TARGET_NAME)";
			};
			name = Release;
		};
		BF28316F1B54BA41000E9E57 /* Debug */ = {
			isa = XCBuildConfiguration;
			buildSettings = {
				BUNDLE_LOADER = "$(TEST_HOST)";
				FRAMEWORK_SEARCH_PATHS = (
					"$(SDKROOT)/Developer/Library/Frameworks",
					"$(inherited)",
				);
				GCC_PREPROCESSOR_DEFINITIONS = (
					"DEBUG=1",
					"$(inherited)",
				);
				INFOPLIST_FILE = SafetyFirstTests/Info.plist;
				LD_RUNPATH_SEARCH_PATHS = "$(inherited) @executable_path/Frameworks @loader_path/Frameworks";
				PRODUCT_NAME = "$(TARGET_NAME)";
				TEST_HOST = "$(BUILT_PRODUCTS_DIR)/SafetyFirst.app/SafetyFirst";
			};
			name = Debug;
		};
		BF2831701B54BA41000E9E57 /* Release */ = {
			isa = XCBuildConfiguration;
			buildSettings = {
				BUNDLE_LOADER = "$(TEST_HOST)";
				FRAMEWORK_SEARCH_PATHS = (
					"$(SDKROOT)/Developer/Library/Frameworks",
					"$(inherited)",
				);
				INFOPLIST_FILE = SafetyFirstTests/Info.plist;
				LD_RUNPATH_SEARCH_PATHS = "$(inherited) @executable_path/Frameworks @loader_path/Frameworks";
				PRODUCT_NAME = "$(TARGET_NAME)";
				TEST_HOST = "$(BUILT_PRODUCTS_DIR)/SafetyFirst.app/SafetyFirst";
			};
			name = Release;
		};
/* End XCBuildConfiguration section */

/* Begin XCConfigurationList section */
		BF2831441B54BA41000E9E57 /* Build configuration list for PBXProject "SafetyFirst" */ = {
			isa = XCConfigurationList;
			buildConfigurations = (
				BF2831691B54BA41000E9E57 /* Debug */,
				BF28316A1B54BA41000E9E57 /* Release */,
			);
			defaultConfigurationIsVisible = 0;
			defaultConfigurationName = Release;
		};
		BF28316B1B54BA41000E9E57 /* Build configuration list for PBXNativeTarget "SafetyFirst" */ = {
			isa = XCConfigurationList;
			buildConfigurations = (
				BF28316C1B54BA41000E9E57 /* Debug */,
				BF28316D1B54BA41000E9E57 /* Release */,
			);
			defaultConfigurationIsVisible = 0;
			defaultConfigurationName = Release;
		};
		BF28316E1B54BA41000E9E57 /* Build configuration list for PBXNativeTarget "SafetyFirstTests" */ = {
			isa = XCConfigurationList;
			buildConfigurations = (
				BF28316F1B54BA41000E9E57 /* Debug */,
				BF2831701B54BA41000E9E57 /* Release */,
			);
			defaultConfigurationIsVisible = 0;
			defaultConfigurationName = Release;
		};
/* End XCConfigurationList section */

/* Begin XCVersionGroup section */
		BF2831501B54BA41000E9E57 /* SafetyFirst.xcdatamodeld */ = {
			isa = XCVersionGroup;
			children = (
				BFED9B061B57A9F500277F13 /* SafetyFirstModel2.xcdatamodel */,
				BF2831511B54BA41000E9E57 /* SafetyFirst.xcdatamodel */,
			);
			currentVersion = BFED9B061B57A9F500277F13 /* SafetyFirstModel2.xcdatamodel */;
			path = SafetyFirst.xcdatamodeld;
			sourceTree = "<group>";
			versionGroupType = wrapper.xcdatamodel;
		};
/* End XCVersionGroup section */
	};
	rootObject = BF2831411B54BA41000E9E57 /* Project object */;
}
